
Microsoft Visual Studio Solution File, Format Version 12.00
# Visual Studio Version 16
VisualStudioVersion = 16.0.31402.337
MinimumVisualStudioVersion = 10.0.40219.1
Project("{FAE04EC0-301F-11D3-BF4B-00C04F79EFBC}") = "PTEST - Zadanie próbne", "PTEST - Zadanie próbne\PTEST - Zadanie próbne.csproj", "{F5CAB33F-46E3-4A65-8767-0BC5C5078FCA}"
EndProject
Project("{FAE04EC0-301F-11D3-BF4B-00C04F79EFBC}") = "RNO_DOD - Proste dodawanie", "RNO_DOD - Proste dodawanie\RNO_DOD - Proste dodawanie.csproj", "{87C47D59-39B2-4265-A9AC-1C373DCC44A8}"
EndProject
Project("{FAE04EC0-301F-11D3-BF4B-00C04F79EFBC}") = "FCTRL3 - Dwie cyfry silni", "FCTRL3 - Dwie cyfry silni\FCTRL3 - Dwie cyfry silni.csproj", "{F6DFE4E9-BBDB-4AE7-BE1D-A6808328E2FE}"
EndProject
Global
	GlobalSection(SolutionConfigurationPlatforms) = preSolution
		Debug|Any CPU = Debug|Any CPU
		Release|Any CPU = Release|Any CPU
	EndGlobalSection
	GlobalSection(ProjectConfigurationPlatforms) = postSolution
		{F5CAB33F-46E3-4A65-8767-0BC5C5078FCA}.Debug|Any CPU.ActiveCfg = Debug|Any CPU
		{F5CAB33F-46E3-4A65-8767-0BC5C5078FCA}.Debug|Any CPU.Build.0 = Debug|Any CPU
		{F5CAB33F-46E3-4A65-8767-0BC5C5078FCA}.Release|Any CPU.ActiveCfg = Release|Any CPU
		{F5CAB33F-46E3-4A65-8767-0BC5C5078FCA}.Release|Any CPU.Build.0 = Release|Any CPU
		{87C47D59-39B2-4265-A9AC-1C373DCC44A8}.Debug|Any CPU.ActiveCfg = Debug|Any CPU
		{87C47D59-39B2-4265-A9AC-1C373DCC44A8}.Debug|Any CPU.Build.0 = Debug|Any CPU
		{87C47D59-39B2-4265-A9AC-1C373DCC44A8}.Release|Any CPU.ActiveCfg = Release|Any CPU
		{87C47D59-39B2-4265-A9AC-1C373DCC44A8}.Release|Any CPU.Build.0 = Release|Any CPU
		{F6DFE4E9-BBDB-4AE7-BE1D-A6808328E2FE}.Debug|Any CPU.ActiveCfg = Debug|Any CPU
		{F6DFE4E9-BBDB-4AE7-BE1D-A6808328E2FE}.Debug|Any CPU.Build.0 = Debug|Any CPU
		{F6DFE4E9-BBDB-4AE7-BE1D-A6808328E2FE}.Release|Any CPU.ActiveCfg = Release|Any CPU
		{F6DFE4E9-BBDB-4AE7-BE1D-A6808328E2FE}.Release|Any CPU.Build.0 = Release|Any CPU
	EndGlobalSection
	GlobalSection(SolutionProperties) = preSolution
		HideSolutionNode = FALSE
	EndGlobalSection
	GlobalSection(ExtensibilityGlobals) = postSolution
		SolutionGuid = {482D3291-E7DB-4B5B-8862-FA766A4005AE}
	EndGlobalSection
EndGlobal
